
Microsoft Visual Studio Solution File, Format Version 12.00
# Visual Studio Version 17
VisualStudioVersion = 17.0.31903.59
MinimumVisualStudioVersion = 10.0.40219.1
Project("{FAE04EC0-301F-11D3-BF4B-00C04F79EFBC}") = "Archu.Api", "src\Archu.Api\Archu.Api.csproj", "{C991C546-8B87-D5F9-FFF1-47FEA4405376}"
EndProject
Project("{FAE04EC0-301F-11D3-BF4B-00C04F79EFBC}") = "Archu.Application", "src\Archu.Application\Archu.Application.csproj", "{E9D66948-2FA8-0D42-745A-7CD2E4BE7D14}"
EndProject
Project("{FAE04EC0-301F-11D3-BF4B-00C04F79EFBC}") = "Archu.Domain", "src\Archu.Domain\Archu.Domain.csproj", "{F3B2AAA5-81A2-F435-B838-7EC5DE56F3CD}"
EndProject
Project("{FAE04EC0-301F-11D3-BF4B-00C04F79EFBC}") = "Archu.Infrastructure", "src\Archu.Infrastructure\Archu.Infrastructure.csproj", "{7923445C-756C-1564-0D60-9600D8334FDF}"
EndProject
Project("{FAE04EC0-301F-11D3-BF4B-00C04F79EFBC}") = "Archu.AppHost", "src\Archu.AppHost\Archu.AppHost.csproj", "{55E634B1-DE13-EEFF-7E6E-80288C72DCDC}"
EndProject
Project("{FAE04EC0-301F-11D3-BF4B-00C04F79EFBC}") = "Archu.ServiceDefaults", "src\Archu.ServiceDefaults\Archu.ServiceDefaults.csproj", "{09EF6A25-4B7F-6058-6F57-AB32894B4BFC}"
EndProject
Project("{FAE04EC0-301F-11D3-BF4B-00C04F79EFBC}") = "Archu.Contracts", "src\Archu.Contracts\Archu.Contracts.csproj", "{EC0516A1-98E6-40E6-98F3-4E0F339E55E3}"
EndProject
Project("{FAE04EC0-301F-11D3-BF4B-00C04F79EFBC}") = "Archu.Ui", "src\Archu.Ui\Archu.Ui.csproj", "{C363585E-DB76-01D2-89A9-6961E4501E2C}"
EndProject
Project("{FAE04EC0-301F-11D3-BF4B-00C04F79EFBC}") = "Archu.ApiClient", "src\Archu.ApiClient\Archu.ApiClient.csproj", "{821AB629-74FD-4A05-9E98-3C0CDE83EA5B}"
EndProject
Project("{FAE04EC0-301F-11D3-BF4B-00C04F79EFBC}") = "Archu.Web", "src\Archu.Web\Archu.Web.csproj", "{A0E9DFD9-4FED-FCB6-D516-FDBBD30C1D4A}"
EndProject
Project("{FAE04EC0-301F-11D3-BF4B-00C04F79EFBC}") = "Archu.AdminApi", "src\Archu.AdminApi\Archu.AdminApi.csproj", "{6341C345-3F46-E8A9-9D1C-C8AA1BDFAA83}"
EndProject
Project("{FAE04EC0-301F-11D3-BF4B-00C04F79EFBC}") = "Archu.UnitTests", "tests\Archu.UnitTests\Archu.UnitTests.csproj", "{D3587A4C-9EA8-AD13-162D-02E364715BDC}"
EndProject
Project("{FAE04EC0-301F-11D3-BF4B-00C04F79EFBC}") = "Archu.IntegrationTests", "tests\Archu.IntegrationTests\Archu.IntegrationTests.csproj", "{8EBF306A-AFFE-2E26-ECB0-6B483BC3AEE0}"
EndProject
Project("{FAE04EC0-301F-11D3-BF4B-00C04F79EFBC}") = "Archu.ApiClient.Tests", "tests\Archu.ApiClient.Tests\Archu.ApiClient.Tests.csproj", "{4175A9B3-044F-D1D7-B67C-DAD3D769E808}"
EndProject
Project("{FAE04EC0-301F-11D3-BF4B-00C04F79EFBC}") = "Archu.Ui.Tests", "tests\Archu.Ui.Tests\Archu.Ui.Tests.csproj", "{B654D813-50BE-4CEE-836C-3467FFB5E23F}"
EndProject
Global
	GlobalSection(SolutionConfigurationPlatforms) = preSolution
		Debug|Any CPU = Debug|Any CPU
		Debug|x64 = Debug|x64
		Debug|x86 = Debug|x86
		Release|Any CPU = Release|Any CPU
		Release|x64 = Release|x64
		Release|x86 = Release|x86
	EndGlobalSection
	GlobalSection(ProjectConfigurationPlatforms) = postSolution
		{C991C546-8B87-D5F9-FFF1-47FEA4405376}.Debug|Any CPU.ActiveCfg = Debug|Any CPU
		{C991C546-8B87-D5F9-FFF1-47FEA4405376}.Debug|Any CPU.Build.0 = Debug|Any CPU
		{C991C546-8B87-D5F9-FFF1-47FEA4405376}.Debug|x64.ActiveCfg = Debug|Any CPU
		{C991C546-8B87-D5F9-FFF1-47FEA4405376}.Debug|x64.Build.0 = Debug|Any CPU
		{C991C546-8B87-D5F9-FFF1-47FEA4405376}.Debug|x86.ActiveCfg = Debug|Any CPU
		{C991C546-8B87-D5F9-FFF1-47FEA4405376}.Debug|x86.Build.0 = Debug|Any CPU
		{C991C546-8B87-D5F9-FFF1-47FEA4405376}.Release|Any CPU.ActiveCfg = Release|Any CPU
		{C991C546-8B87-D5F9-FFF1-47FEA4405376}.Release|Any CPU.Build.0 = Release|Any CPU
		{C991C546-8B87-D5F9-FFF1-47FEA4405376}.Release|x64.ActiveCfg = Release|Any CPU
		{C991C546-8B87-D5F9-FFF1-47FEA4405376}.Release|x64.Build.0 = Release|Any CPU
		{C991C546-8B87-D5F9-FFF1-47FEA4405376}.Release|x86.ActiveCfg = Release|Any CPU
		{C991C546-8B87-D5F9-FFF1-47FEA4405376}.Release|x86.Build.0 = Release|Any CPU
		{E9D66948-2FA8-0D42-745A-7CD2E4BE7D14}.Debug|Any CPU.ActiveCfg = Debug|Any CPU
		{E9D66948-2FA8-0D42-745A-7CD2E4BE7D14}.Debug|Any CPU.Build.0 = Debug|Any CPU
		{E9D66948-2FA8-0D42-745A-7CD2E4BE7D14}.Debug|x64.ActiveCfg = Debug|Any CPU
		{E9D66948-2FA8-0D42-745A-7CD2E4BE7D14}.Debug|x64.Build.0 = Debug|Any CPU
		{E9D66948-2FA8-0D42-745A-7CD2E4BE7D14}.Debug|x86.ActiveCfg = Debug|Any CPU
		{E9D66948-2FA8-0D42-745A-7CD2E4BE7D14}.Debug|x86.Build.0 = Debug|Any CPU
		{E9D66948-2FA8-0D42-745A-7CD2E4BE7D14}.Release|Any CPU.ActiveCfg = Release|Any CPU
		{E9D66948-2FA8-0D42-745A-7CD2E4BE7D14}.Release|Any CPU.Build.0 = Release|Any CPU
		{E9D66948-2FA8-0D42-745A-7CD2E4BE7D14}.Release|x64.ActiveCfg = Release|Any CPU
		{E9D66948-2FA8-0D42-745A-7CD2E4BE7D14}.Release|x64.Build.0 = Release|Any CPU
		{E9D66948-2FA8-0D42-745A-7CD2E4BE7D14}.Release|x86.ActiveCfg = Release|Any CPU
		{E9D66948-2FA8-0D42-745A-7CD2E4BE7D14}.Release|x86.Build.0 = Release|Any CPU
		{F3B2AAA5-81A2-F435-B838-7EC5DE56F3CD}.Debug|Any CPU.ActiveCfg = Debug|Any CPU
		{F3B2AAA5-81A2-F435-B838-7EC5DE56F3CD}.Debug|Any CPU.Build.0 = Debug|Any CPU
		{F3B2AAA5-81A2-F435-B838-7EC5DE56F3CD}.Debug|x64.ActiveCfg = Debug|Any CPU
		{F3B2AAA5-81A2-F435-B838-7EC5DE56F3CD}.Debug|x64.Build.0 = Debug|Any CPU
		{F3B2AAA5-81A2-F435-B838-7EC5DE56F3CD}.Debug|x86.ActiveCfg = Debug|Any CPU
		{F3B2AAA5-81A2-F435-B838-7EC5DE56F3CD}.Debug|x86.Build.0 = Debug|Any CPU
		{F3B2AAA5-81A2-F435-B838-7EC5DE56F3CD}.Release|Any CPU.ActiveCfg = Release|Any CPU
		{F3B2AAA5-81A2-F435-B838-7EC5DE56F3CD}.Release|Any CPU.Build.0 = Release|Any CPU
		{F3B2AAA5-81A2-F435-B838-7EC5DE56F3CD}.Release|x64.ActiveCfg = Release|Any CPU
		{F3B2AAA5-81A2-F435-B838-7EC5DE56F3CD}.Release|x64.Build.0 = Release|Any CPU
		{F3B2AAA5-81A2-F435-B838-7EC5DE56F3CD}.Release|x86.ActiveCfg = Release|Any CPU
		{F3B2AAA5-81A2-F435-B838-7EC5DE56F3CD}.Release|x86.Build.0 = Release|Any CPU
		{7923445C-756C-1564-0D60-9600D8334FDF}.Debug|Any CPU.ActiveCfg = Debug|Any CPU
		{7923445C-756C-1564-0D60-9600D8334FDF}.Debug|Any CPU.Build.0 = Debug|Any CPU
		{7923445C-756C-1564-0D60-9600D8334FDF}.Debug|x64.ActiveCfg = Debug|Any CPU
		{7923445C-756C-1564-0D60-9600D8334FDF}.Debug|x64.Build.0 = Debug|Any CPU
		{7923445C-756C-1564-0D60-9600D8334FDF}.Debug|x86.ActiveCfg = Debug|Any CPU
		{7923445C-756C-1564-0D60-9600D8334FDF}.Debug|x86.Build.0 = Debug|Any CPU
		{7923445C-756C-1564-0D60-9600D8334FDF}.Release|Any CPU.ActiveCfg = Release|Any CPU
		{7923445C-756C-1564-0D60-9600D8334FDF}.Release|Any CPU.Build.0 = Release|Any CPU
		{7923445C-756C-1564-0D60-9600D8334FDF}.Release|x64.ActiveCfg = Release|Any CPU
		{7923445C-756C-1564-0D60-9600D8334FDF}.Release|x64.Build.0 = Release|Any CPU
		{7923445C-756C-1564-0D60-9600D8334FDF}.Release|x86.ActiveCfg = Release|Any CPU
		{7923445C-756C-1564-0D60-9600D8334FDF}.Release|x86.Build.0 = Release|Any CPU
		{55E634B1-DE13-EEFF-7E6E-80288C72DCDC}.Debug|Any CPU.ActiveCfg = Debug|Any CPU
		{55E634B1-DE13-EEFF-7E6E-80288C72DCDC}.Debug|Any CPU.Build.0 = Debug|Any CPU
		{55E634B1-DE13-EEFF-7E6E-80288C72DCDC}.Debug|x64.ActiveCfg = Debug|Any CPU
		{55E634B1-DE13-EEFF-7E6E-80288C72DCDC}.Debug|x64.Build.0 = Debug|Any CPU
		{55E634B1-DE13-EEFF-7E6E-80288C72DCDC}.Debug|x86.ActiveCfg = Debug|Any CPU
		{55E634B1-DE13-EEFF-7E6E-80288C72DCDC}.Debug|x86.Build.0 = Debug|Any CPU
		{55E634B1-DE13-EEFF-7E6E-80288C72DCDC}.Release|Any CPU.ActiveCfg = Release|Any CPU
		{55E634B1-DE13-EEFF-7E6E-80288C72DCDC}.Release|Any CPU.Build.0 = Release|Any CPU
		{55E634B1-DE13-EEFF-7E6E-80288C72DCDC}.Release|x64.ActiveCfg = Release|Any CPU
		{55E634B1-DE13-EEFF-7E6E-80288C72DCDC}.Release|x64.Build.0 = Release|Any CPU
		{55E634B1-DE13-EEFF-7E6E-80288C72DCDC}.Release|x86.ActiveCfg = Release|Any CPU
		{55E634B1-DE13-EEFF-7E6E-80288C72DCDC}.Release|x86.Build.0 = Release|Any CPU
		{09EF6A25-4B7F-6058-6F57-AB32894B4BFC}.Debug|Any CPU.ActiveCfg = Debug|Any CPU
		{09EF6A25-4B7F-6058-6F57-AB32894B4BFC}.Debug|Any CPU.Build.0 = Debug|Any CPU
		{09EF6A25-4B7F-6058-6F57-AB32894B4BFC}.Debug|x64.ActiveCfg = Debug|Any CPU
		{09EF6A25-4B7F-6058-6F57-AB32894B4BFC}.Debug|x64.Build.0 = Debug|Any CPU
		{09EF6A25-4B7F-6058-6F57-AB32894B4BFC}.Debug|x86.ActiveCfg = Debug|Any CPU
		{09EF6A25-4B7F-6058-6F57-AB32894B4BFC}.Debug|x86.Build.0 = Debug|Any CPU
		{09EF6A25-4B7F-6058-6F57-AB32894B4BFC}.Release|Any CPU.ActiveCfg = Release|Any CPU
		{09EF6A25-4B7F-6058-6F57-AB32894B4BFC}.Release|Any CPU.Build.0 = Release|Any CPU
		{09EF6A25-4B7F-6058-6F57-AB32894B4BFC}.Release|x64.ActiveCfg = Release|Any CPU
		{09EF6A25-4B7F-6058-6F57-AB32894B4BFC}.Release|x64.Build.0 = Release|Any CPU
		{09EF6A25-4B7F-6058-6F57-AB32894B4BFC}.Release|x86.ActiveCfg = Release|Any CPU
		{09EF6A25-4B7F-6058-6F57-AB32894B4BFC}.Release|x86.Build.0 = Release|Any CPU
		{EC0516A1-98E6-40E6-98F3-4E0F339E55E3}.Debug|Any CPU.ActiveCfg = Debug|Any CPU
		{EC0516A1-98E6-40E6-98F3-4E0F339E55E3}.Debug|Any CPU.Build.0 = Debug|Any CPU
		{EC0516A1-98E6-40E6-98F3-4E0F339E55E3}.Debug|x64.ActiveCfg = Debug|Any CPU
		{EC0516A1-98E6-40E6-98F3-4E0F339E55E3}.Debug|x64.Build.0 = Debug|Any CPU
		{EC0516A1-98E6-40E6-98F3-4E0F339E55E3}.Debug|x86.ActiveCfg = Debug|Any CPU
		{EC0516A1-98E6-40E6-98F3-4E0F339E55E3}.Debug|x86.Build.0 = Debug|Any CPU
		{EC0516A1-98E6-40E6-98F3-4E0F339E55E3}.Release|Any CPU.ActiveCfg = Release|Any CPU
		{EC0516A1-98E6-40E6-98F3-4E0F339E55E3}.Release|Any CPU.Build.0 = Release|Any CPU
		{EC0516A1-98E6-40E6-98F3-4E0F339E55E3}.Release|x64.ActiveCfg = Release|Any CPU
		{EC0516A1-98E6-40E6-98F3-4E0F339E55E3}.Release|x64.Build.0 = Release|Any CPU
		{EC0516A1-98E6-40E6-98F3-4E0F339E55E3}.Release|x86.ActiveCfg = Release|Any CPU
		{EC0516A1-98E6-40E6-98F3-4E0F339E55E3}.Release|x86.Build.0 = Release|Any CPU
		{C363585E-DB76-01D2-89A9-6961E4501E2C}.Debug|Any CPU.ActiveCfg = Debug|Any CPU
		{C363585E-DB76-01D2-89A9-6961E4501E2C}.Debug|Any CPU.Build.0 = Debug|Any CPU
		{C363585E-DB76-01D2-89A9-6961E4501E2C}.Debug|x64.ActiveCfg = Debug|Any CPU
		{C363585E-DB76-01D2-89A9-6961E4501E2C}.Debug|x64.Build.0 = Debug|Any CPU
		{C363585E-DB76-01D2-89A9-6961E4501E2C}.Debug|x86.ActiveCfg = Debug|Any CPU
		{C363585E-DB76-01D2-89A9-6961E4501E2C}.Debug|x86.Build.0 = Debug|Any CPU
		{C363585E-DB76-01D2-89A9-6961E4501E2C}.Release|Any CPU.ActiveCfg = Release|Any CPU
		{C363585E-DB76-01D2-89A9-6961E4501E2C}.Release|Any CPU.Build.0 = Release|Any CPU
		{C363585E-DB76-01D2-89A9-6961E4501E2C}.Release|x64.ActiveCfg = Release|Any CPU
		{C363585E-DB76-01D2-89A9-6961E4501E2C}.Release|x64.Build.0 = Release|Any CPU
		{C363585E-DB76-01D2-89A9-6961E4501E2C}.Release|x86.ActiveCfg = Release|Any CPU
		{C363585E-DB76-01D2-89A9-6961E4501E2C}.Release|x86.Build.0 = Release|Any CPU
		{821AB629-74FD-4A05-9E98-3C0CDE83EA5B}.Debug|Any CPU.ActiveCfg = Debug|Any CPU
		{821AB629-74FD-4A05-9E98-3C0CDE83EA5B}.Debug|Any CPU.Build.0 = Debug|Any CPU
		{821AB629-74FD-4A05-9E98-3C0CDE83EA5B}.Debug|x64.ActiveCfg = Debug|Any CPU
		{821AB629-74FD-4A05-9E98-3C0CDE83EA5B}.Debug|x64.Build.0 = Debug|Any CPU
		{821AB629-74FD-4A05-9E98-3C0CDE83EA5B}.Debug|x86.ActiveCfg = Debug|Any CPU
		{821AB629-74FD-4A05-9E98-3C0CDE83EA5B}.Debug|x86.Build.0 = Debug|Any CPU
		{821AB629-74FD-4A05-9E98-3C0CDE83EA5B}.Release|Any CPU.ActiveCfg = Release|Any CPU
		{821AB629-74FD-4A05-9E98-3C0CDE83EA5B}.Release|Any CPU.Build.0 = Release|Any CPU
		{821AB629-74FD-4A05-9E98-3C0CDE83EA5B}.Release|x64.ActiveCfg = Release|Any CPU
		{821AB629-74FD-4A05-9E98-3C0CDE83EA5B}.Release|x64.Build.0 = Release|Any CPU
		{821AB629-74FD-4A05-9E98-3C0CDE83EA5B}.Release|x86.ActiveCfg = Release|Any CPU
		{821AB629-74FD-4A05-9E98-3C0CDE83EA5B}.Release|x86.Build.0 = Release|Any CPU
		{A0E9DFD9-4FED-FCB6-D516-FDBBD30C1D4A}.Debug|Any CPU.ActiveCfg = Debug|Any CPU
		{A0E9DFD9-4FED-FCB6-D516-FDBBD30C1D4A}.Debug|Any CPU.Build.0 = Debug|Any CPU
		{A0E9DFD9-4FED-FCB6-D516-FDBBD30C1D4A}.Debug|x64.ActiveCfg = Debug|Any CPU
		{A0E9DFD9-4FED-FCB6-D516-FDBBD30C1D4A}.Debug|x64.Build.0 = Debug|Any CPU
		{A0E9DFD9-4FED-FCB6-D516-FDBBD30C1D4A}.Debug|x86.ActiveCfg = Debug|Any CPU
		{A0E9DFD9-4FED-FCB6-D516-FDBBD30C1D4A}.Debug|x86.Build.0 = Debug|Any CPU
		{A0E9DFD9-4FED-FCB6-D516-FDBBD30C1D4A}.Release|Any CPU.ActiveCfg = Release|Any CPU
		{A0E9DFD9-4FED-FCB6-D516-FDBBD30C1D4A}.Release|Any CPU.Build.0 = Release|Any CPU
		{A0E9DFD9-4FED-FCB6-D516-FDBBD30C1D4A}.Release|x64.ActiveCfg = Release|Any CPU
		{A0E9DFD9-4FED-FCB6-D516-FDBBD30C1D4A}.Release|x64.Build.0 = Release|Any CPU
		{A0E9DFD9-4FED-FCB6-D516-FDBBD30C1D4A}.Release|x86.ActiveCfg = Release|Any CPU
		{A0E9DFD9-4FED-FCB6-D516-FDBBD30C1D4A}.Release|x86.Build.0 = Release|Any CPU
		{6341C345-3F46-E8A9-9D1C-C8AA1BDFAA83}.Debug|Any CPU.ActiveCfg = Debug|Any CPU
		{6341C345-3F46-E8A9-9D1C-C8AA1BDFAA83}.Debug|Any CPU.Build.0 = Debug|Any CPU
		{6341C345-3F46-E8A9-9D1C-C8AA1BDFAA83}.Debug|x64.ActiveCfg = Debug|Any CPU
		{6341C345-3F46-E8A9-9D1C-C8AA1BDFAA83}.Debug|x64.Build.0 = Debug|Any CPU
		{6341C345-3F46-E8A9-9D1C-C8AA1BDFAA83}.Debug|x86.ActiveCfg = Debug|Any CPU
		{6341C345-3F46-E8A9-9D1C-C8AA1BDFAA83}.Debug|x86.Build.0 = Debug|Any CPU
		{6341C345-3F46-E8A9-9D1C-C8AA1BDFAA83}.Release|Any CPU.ActiveCfg = Release|Any CPU
		{6341C345-3F46-E8A9-9D1C-C8AA1BDFAA83}.Release|Any CPU.Build.0 = Release|Any CPU
		{6341C345-3F46-E8A9-9D1C-C8AA1BDFAA83}.Release|x64.ActiveCfg = Release|Any CPU
		{6341C345-3F46-E8A9-9D1C-C8AA1BDFAA83}.Release|x64.Build.0 = Release|Any CPU
		{6341C345-3F46-E8A9-9D1C-C8AA1BDFAA83}.Release|x86.ActiveCfg = Release|Any CPU
		{6341C345-3F46-E8A9-9D1C-C8AA1BDFAA83}.Release|x86.Build.0 = Release|Any CPU
		{D3587A4C-9EA8-AD13-162D-02E364715BDC}.Debug|Any CPU.ActiveCfg = Debug|Any CPU
		{D3587A4C-9EA8-AD13-162D-02E364715BDC}.Debug|Any CPU.Build.0 = Debug|Any CPU
		{D3587A4C-9EA8-AD13-162D-02E364715BDC}.Debug|x64.ActiveCfg = Debug|Any CPU
		{D3587A4C-9EA8-AD13-162D-02E364715BDC}.Debug|x64.Build.0 = Debug|Any CPU
		{D3587A4C-9EA8-AD13-162D-02E364715BDC}.Debug|x86.ActiveCfg = Debug|Any CPU
		{D3587A4C-9EA8-AD13-162D-02E364715BDC}.Debug|x86.Build.0 = Debug|Any CPU
		{D3587A4C-9EA8-AD13-162D-02E364715BDC}.Release|Any CPU.ActiveCfg = Release|Any CPU
		{D3587A4C-9EA8-AD13-162D-02E364715BDC}.Release|Any CPU.Build.0 = Release|Any CPU
		{D3587A4C-9EA8-AD13-162D-02E364715BDC}.Release|x64.ActiveCfg = Release|Any CPU
		{D3587A4C-9EA8-AD13-162D-02E364715BDC}.Release|x64.Build.0 = Release|Any CPU
		{D3587A4C-9EA8-AD13-162D-02E364715BDC}.Release|x86.ActiveCfg = Release|Any CPU
		{D3587A4C-9EA8-AD13-162D-02E364715BDC}.Release|x86.Build.0 = Release|Any CPU
		{8EBF306A-AFFE-2E26-ECB0-6B483BC3AEE0}.Debug|Any CPU.ActiveCfg = Debug|Any CPU
		{8EBF306A-AFFE-2E26-ECB0-6B483BC3AEE0}.Debug|Any CPU.Build.0 = Debug|Any CPU
		{8EBF306A-AFFE-2E26-ECB0-6B483BC3AEE0}.Debug|x64.ActiveCfg = Debug|Any CPU
		{8EBF306A-AFFE-2E26-ECB0-6B483BC3AEE0}.Debug|x64.Build.0 = Debug|Any CPU
		{8EBF306A-AFFE-2E26-ECB0-6B483BC3AEE0}.Debug|x86.ActiveCfg = Debug|Any CPU
		{8EBF306A-AFFE-2E26-ECB0-6B483BC3AEE0}.Debug|x86.Build.0 = Debug|Any CPU
		{8EBF306A-AFFE-2E26-ECB0-6B483BC3AEE0}.Release|Any CPU.ActiveCfg = Release|Any CPU
		{8EBF306A-AFFE-2E26-ECB0-6B483BC3AEE0}.Release|Any CPU.Build.0 = Release|Any CPU
		{8EBF306A-AFFE-2E26-ECB0-6B483BC3AEE0}.Release|x64.ActiveCfg = Release|Any CPU
		{8EBF306A-AFFE-2E26-ECB0-6B483BC3AEE0}.Release|x64.Build.0 = Release|Any CPU
		{8EBF306A-AFFE-2E26-ECB0-6B483BC3AEE0}.Release|x86.ActiveCfg = Release|Any CPU
		{8EBF306A-AFFE-2E26-ECB0-6B483BC3AEE0}.Release|x86.Build.0 = Release|Any CPU
		{4175A9B3-044F-D1D7-B67C-DAD3D769E808}.Debug|Any CPU.ActiveCfg = Debug|Any CPU
		{4175A9B3-044F-D1D7-B67C-DAD3D769E808}.Debug|Any CPU.Build.0 = Debug|Any CPU
		{4175A9B3-044F-D1D7-B67C-DAD3D769E808}.Debug|x64.ActiveCfg = Debug|Any CPU
		{4175A9B3-044F-D1D7-B67C-DAD3D769E808}.Debug|x64.Build.0 = Debug|Any CPU
		{4175A9B3-044F-D1D7-B67C-DAD3D769E808}.Debug|x86.ActiveCfg = Debug|Any CPU
		{4175A9B3-044F-D1D7-B67C-DAD3D769E808}.Debug|x86.Build.0 = Debug|Any CPU
		{4175A9B3-044F-D1D7-B67C-DAD3D769E808}.Release|Any CPU.ActiveCfg = Release|Any CPU
		{4175A9B3-044F-D1D7-B67C-DAD3D769E808}.Release|Any CPU.Build.0 = Release|Any CPU
		{4175A9B3-044F-D1D7-B67C-DAD3D769E808}.Release|x64.ActiveCfg = Release|Any CPU
		{4175A9B3-044F-D1D7-B67C-DAD3D769E808}.Release|x64.Build.0 = Release|Any CPU
		{4175A9B3-044F-D1D7-B67C-DAD3D769E808}.Release|x86.ActiveCfg = Release|Any CPU
		{4175A9B3-044F-D1D7-B67C-DAD3D769E808}.Release|x86.Build.0 = Release|Any CPU
		{B654D813-50BE-4CEE-836C-3467FFB5E23F}.Debug|Any CPU.ActiveCfg = Debug|Any CPU
		{B654D813-50BE-4CEE-836C-3467FFB5E23F}.Debug|Any CPU.Build.0 = Debug|Any CPU
		{B654D813-50BE-4CEE-836C-3467FFB5E23F}.Debug|x64.ActiveCfg = Debug|Any CPU
		{B654D813-50BE-4CEE-836C-3467FFB5E23F}.Debug|x64.Build.0 = Debug|Any CPU
		{B654D813-50BE-4CEE-836C-3467FFB5E23F}.Debug|x86.ActiveCfg = Debug|Any CPU
		{B654D813-50BE-4CEE-836C-3467FFB5E23F}.Debug|x86.Build.0 = Debug|Any CPU
		{B654D813-50BE-4CEE-836C-3467FFB5E23F}.Release|Any CPU.ActiveCfg = Release|Any CPU
		{B654D813-50BE-4CEE-836C-3467FFB5E23F}.Release|Any CPU.Build.0 = Release|Any CPU
		{B654D813-50BE-4CEE-836C-3467FFB5E23F}.Release|x64.ActiveCfg = Release|Any CPU
		{B654D813-50BE-4CEE-836C-3467FFB5E23F}.Release|x64.Build.0 = Release|Any CPU
		{B654D813-50BE-4CEE-836C-3467FFB5E23F}.Release|x86.ActiveCfg = Release|Any CPU
		{B654D813-50BE-4CEE-836C-3467FFB5E23F}.Release|x86.Build.0 = Release|Any CPU
	EndGlobalSection
	GlobalSection(SolutionProperties) = preSolution
		HideSolutionNode = FALSE
	EndGlobalSection
	GlobalSection(ExtensibilityGlobals) = postSolution
		SolutionGuid = {A3586187-7247-4299-87BE-2DBE3F9207AF}
	EndGlobalSection
EndGlobal
